Microsoft Visual Studio Solution File, Format Version 12.00
# Visual Studio 15
VisualStudioVersion = 15.0.26124.0
MinimumVisualStudioVersion = 15.0.26124.0
Project("{2150E333-8FDC-42A3-9474-1A3956D46DE8}") = "src", "src", "{E74473EF-902A-4C1B-BBAD-5A6896BCCFCB}"
	ProjectSection(SolutionItems) = preProject
		src\Algs.fsx = src\Algs.fsx
		src\referencesnetstd.fsx = src\referencesnetstd.fsx
		src\Scratchpad.fsx = src\Scratchpad.fsx
	EndProjectSection
EndProject
Project("{6EC3EE1D-3C4E-46DD-8F32-0CC8E7565705}") = "Client", "src\Client\Client.fsproj", "{CA671A7D-B5B0-4162-A0E0-648AAE8F2F59}"
EndProject
Project("{6EC3EE1D-3C4E-46DD-8F32-0CC8E7565705}") = "Server", "src\Server\Server.fsproj", "{C6D60F5F-7836-4879-A8A7-F20F03375440}"
EndProject
Global
	GlobalSection(SolutionConfigurationPlatforms) = preSolution
		Debug|Any CPU = Debug|Any CPU
		Debug|x64 = Debug|x64
		Debug|x86 = Debug|x86
		Release|Any CPU = Release|Any CPU
		Release|x64 = Release|x64
		Release|x86 = Release|x86
	EndGlobalSection
	GlobalSection(ProjectConfigurationPlatforms) = postSolution
		{CA671A7D-B5B0-4162-A0E0-648AAE8F2F59}.Debug|Any CPU.ActiveCfg = Debug|Any CPU
		{CA671A7D-B5B0-4162-A0E0-648AAE8F2F59}.Debug|Any CPU.Build.0 = Debug|Any CPU
		{CA671A7D-B5B0-4162-A0E0-648AAE8F2F59}.Debug|x64.ActiveCfg = Debug|Any CPU
		{CA671A7D-B5B0-4162-A0E0-648AAE8F2F59}.Debug|x64.Build.0 = Debug|Any CPU
		{CA671A7D-B5B0-4162-A0E0-648AAE8F2F59}.Debug|x86.ActiveCfg = Debug|Any CPU
		{CA671A7D-B5B0-4162-A0E0-648AAE8F2F59}.Debug|x86.Build.0 = Debug|Any CPU
		{CA671A7D-B5B0-4162-A0E0-648AAE8F2F59}.Release|Any CPU.ActiveCfg = Release|Any CPU
		{CA671A7D-B5B0-4162-A0E0-648AAE8F2F59}.Release|Any CPU.Build.0 = Release|Any CPU
		{CA671A7D-B5B0-4162-A0E0-648AAE8F2F59}.Release|x64.ActiveCfg = Release|Any CPU
		{CA671A7D-B5B0-4162-A0E0-648AAE8F2F59}.Release|x64.Build.0 = Release|Any CPU
		{CA671A7D-B5B0-4162-A0E0-648AAE8F2F59}.Release|x86.ActiveCfg = Release|Any CPU
		{CA671A7D-B5B0-4162-A0E0-648AAE8F2F59}.Release|x86.Build.0 = Release|Any CPU
		{C6D60F5F-7836-4879-A8A7-F20F03375440}.Debug|Any CPU.ActiveCfg = Debug|Any CPU
		{C6D60F5F-7836-4879-A8A7-F20F03375440}.Debug|Any CPU.Build.0 = Debug|Any CPU
		{C6D60F5F-7836-4879-A8A7-F20F03375440}.Debug|x64.ActiveCfg = Debug|Any CPU
		{C6D60F5F-7836-4879-A8A7-F20F03375440}.Debug|x64.Build.0 = Debug|Any CPU
		{C6D60F5F-7836-4879-A8A7-F20F03375440}.Debug|x86.ActiveCfg = Debug|Any CPU
		{C6D60F5F-7836-4879-A8A7-F20F03375440}.Debug|x86.Build.0 = Debug|Any CPU
		{C6D60F5F-7836-4879-A8A7-F20F03375440}.Release|Any CPU.ActiveCfg = Release|Any CPU
		{C6D60F5F-7836-4879-A8A7-F20F03375440}.Release|Any CPU.Build.0 = Release|Any CPU
		{C6D60F5F-7836-4879-A8A7-F20F03375440}.Release|x64.ActiveCfg = Release|Any CPU
		{C6D60F5F-7836-4879-A8A7-F20F03375440}.Release|x64.Build.0 = Release|Any CPU
		{C6D60F5F-7836-4879-A8A7-F20F03375440}.Release|x86.ActiveCfg = Release|Any CPU
		{C6D60F5F-7836-4879-A8A7-F20F03375440}.Release|x86.Build.0 = Release|Any CPU
	EndGlobalSection
	GlobalSection(SolutionProperties) = preSolution
		HideSolutionNode = FALSE
	EndGlobalSection
	GlobalSection(NestedProjects) = preSolution
		{CA671A7D-B5B0-4162-A0E0-648AAE8F2F59} = {E74473EF-902A-4C1B-BBAD-5A6896BCCFCB}
		{C6D60F5F-7836-4879-A8A7-F20F03375440} = {E74473EF-902A-4C1B-BBAD-5A6896BCCFCB}
	EndGlobalSection
	GlobalSection(ExtensibilityGlobals) = postSolution
		SolutionGuid = {2DA3E477-5B8A-48E5-9A0B-1C288385FBFA}
	EndGlobalSection
EndGlobal
